
Microsoft Visual Studio Solution File, Format Version 12.00
# Visual Studio Version 17
VisualStudioVersion = 17.13.35828.75 d17.13
MinimumVisualStudioVersion = 10.0.40219.1
Project("{FAE04EC0-301F-11D3-BF4B-00C04F79EFBC}") = "HelloWorldKoodike", "HelloWorldKoodike.csproj", "{DB4598C7-3B0C-4961-8B5B-12F0D12F1081}"
EndProject
Global
	GlobalSection(SolutionConfigurationPlatforms) = preSolution
		Debug|Any CPU = Debug|Any CPU
		Release|Any CPU = Release|Any CPU
	EndGlobalSection
	GlobalSection(ProjectConfigurationPlatforms) = postSolution
		{DB4598C7-3B0C-4961-8B5B-12F0D12F1081}.Debug|Any CPU.ActiveCfg = Debug|Any CPU
		{DB4598C7-3B0C-4961-8B5B-12F0D12F1081}.Debug|Any CPU.Build.0 = Debug|Any CPU
		{DB4598C7-3B0C-4961-8B5B-12F0D12F1081}.Release|Any CPU.ActiveCfg = Release|Any CPU
		{DB4598C7-3B0C-4961-8B5B-12F0D12F1081}.Release|Any CPU.Build.0 = Release|Any CPU
	EndGlobalSection
	GlobalSection(SolutionProperties) = preSolution
		HideSolutionNode = FALSE
	EndGlobalSection
	GlobalSection(ExtensibilityGlobals) = postSolution
		SolutionGuid = {358BD417-29C8-4A60-BD87-CDD6BA66D2D5}
	EndGlobalSection
EndGlobal
